
Microsoft Visual Studio Solution File, Format Version 12.00
# Visual Studio 15
VisualStudioVersion = 15.0.27004.2010
MinimumVisualStudioVersion = 10.0.40219.1
Project("{FAE04EC0-301F-11D3-BF4B-00C04F79EFBC}") = "SudokuVerificator", "SudokuVerificator\SudokuVerificator.csproj", "{49A52E0E-4748-4D35-9F4B-19A6529E2557}"
EndProject
Project("{FAE04EC0-301F-11D3-BF4B-00C04F79EFBC}") = "VerificatorTests", "VerificatorTests\VerificatorTests.csproj", "{ED25F954-CB72-402C-9F95-7985A12C168D}"
EndProject
Global
	GlobalSection(SolutionConfigurationPlatforms) = preSolution
		Debug|Any CPU = Debug|Any CPU
		Release|Any CPU = Release|Any CPU
	EndGlobalSection
	GlobalSection(ProjectConfigurationPlatforms) = postSolution
		{49A52E0E-4748-4D35-9F4B-19A6529E2557}.Debug|Any CPU.ActiveCfg = Debug|Any CPU
		{49A52E0E-4748-4D35-9F4B-19A6529E2557}.Debug|Any CPU.Build.0 = Debug|Any CPU
		{49A52E0E-4748-4D35-9F4B-19A6529E2557}.Release|Any CPU.ActiveCfg = Release|Any CPU
		{49A52E0E-4748-4D35-9F4B-19A6529E2557}.Release|Any CPU.Build.0 = Release|Any CPU
		{ED25F954-CB72-402C-9F95-7985A12C168D}.Debug|Any CPU.ActiveCfg = Debug|Any CPU
		{ED25F954-CB72-402C-9F95-7985A12C168D}.Debug|Any CPU.Build.0 = Debug|Any CPU
		{ED25F954-CB72-402C-9F95-7985A12C168D}.Release|Any CPU.ActiveCfg = Release|Any CPU
		{ED25F954-CB72-402C-9F95-7985A12C168D}.Release|Any CPU.Build.0 = Release|Any CPU
	EndGlobalSection
	GlobalSection(SolutionProperties) = preSolution
		HideSolutionNode = FALSE
	EndGlobalSection
	GlobalSection(ExtensibilityGlobals) = postSolution
		SolutionGuid = {8CF6C675-F3FD-463A-A945-36D1EED4E5C5}
	EndGlobalSection
EndGlobal
